// !$*UTF8*$!
{
	archiveVersion = 1;
	classes = {
	};
	objectVersion = 46;
	objects = {

/* Begin PBXBuildFile section */
		50101D141B4D5F5A00B1CDD2 /* AppDelegate.swift in Sources */ = {isa = PBXBuildFile; fileRef = 50101D131B4D5F5A00B1CDD2 /* AppDelegate.swift */; };
		50101D161B4D5F5A00B1CDD2 /* ViewController.swift in Sources */ = {isa = PBXBuildFile; fileRef = 50101D151B4D5F5A00B1CDD2 /* ViewController.swift */; };
		50101D191B4D5F5A00B1CDD2 /* Main.storyboard in Resources */ = {isa = PBXBuildFile; fileRef = 50101D171B4D5F5A00B1CDD2 /* Main.storyboard */; };
		50101D1B1B4D5F5A00B1CDD2 /* Images.xcassets in Resources */ = {isa = PBXBuildFile; fileRef = 50101D1A1B4D5F5A00B1CDD2 /* Images.xcassets */; };
		50101D1E1B4D5F5A00B1CDD2 /* LaunchScreen.xib in Resources */ = {isa = PBXBuildFile; fileRef = 50101D1C1B4D5F5A00B1CDD2 /* LaunchScreen.xib */; };
		50101D2A1B4D5F5A00B1CDD2 /* CustomSegmentedControlTests.swift in Sources */ = {isa = PBXBuildFile; fileRef = 50101D291B4D5F5A00B1CDD2 /* CustomSegmentedControlTests.swift */; };
		50101D341B4D619A00B1CDD2 /* SegmentedControl.swift in Sources */ = {isa = PBXBuildFile; fileRef = 50101D331B4D619A00B1CDD2 /* SegmentedControl.swift */; };
/* End PBXBuildFile section */

/* Begin PBXContainerItemProxy section */
		50101D241B4D5F5A00B1CDD2 /* PBXContainerItemProxy */ = {
			isa = PBXContainerItemProxy;
			containerPortal = 50101D061B4D5F5900B1CDD2 /* Project object */;
			proxyType = 1;
			remoteGlobalIDString = 50101D0D1B4D5F5A00B1CDD2;
			remoteInfo = CustomSegmentedControl;
		};
/* End PBXContainerItemProxy section */

/* Begin PBXFileReference section */
		50101D0E1B4D5F5A00B1CDD2 /* CustomSegmentedControl.app */ = {isa = PBXFileReference; explicitFileType = wrapper.application; includeInIndex = 0; path = CustomSegmentedControl.app; sourceTree = BUILT_PRODUCTS_DIR; };
		50101D121B4D5F5A00B1CDD2 /* Info.plist */ = {isa = PBXFileReference; lastKnownFileType = text.plist.xml; path = Info.plist; sourceTree = "<group>"; };
		50101D131B4D5F5A00B1CDD2 /* AppDelegate.swift */ = {isa = PBXFileReference; lastKnownFileType = sourcecode.swift; path = AppDelegate.swift; sourceTree = "<group>"; };
		50101D151B4D5F5A00B1CDD2 /* ViewController.swift */ = {isa = PBXFileReference; lastKnownFileType = sourcecode.swift; path = ViewController.swift; sourceTree = "<group>"; };
		50101D181B4D5F5A00B1CDD2 /* Base */ = {isa = PBXFileReference; lastKnownFileType = file.storyboard; name = Base; path = Base.lproj/Main.storyboard; sourceTree = "<group>"; };
		50101D1A1B4D5F5A00B1CDD2 /* Images.xcassets */ = {isa = PBXFileReference; lastKnownFileType = folder.assetcatalog; path = Images.xcassets; sourceTree = "<group>"; };
		50101D1D1B4D5F5A00B1CDD2 /* Base */ = {isa = PBXFileReference; lastKnownFileType = file.xib; name = Base; path = Base.lproj/LaunchScreen.xib; sourceTree = "<group>"; };
		50101D231B4D5F5A00B1CDD2 /* CustomSegmentedControlTests.xctest */ = {isa = PBXFileReference; explicitFileType = wrapper.cfbundle; includeInIndex = 0; path = CustomSegmentedControlTests.xctest; sourceTree = BUILT_PRODUCTS_DIR; };
		50101D281B4D5F5A00B1CDD2 /* Info.plist */ = {isa = PBXFileReference; lastKnownFileType = text.plist.xml; path = Info.plist; sourceTree = "<group>"; };
		50101D291B4D5F5A00B1CDD2 /* CustomSegmentedControlTests.swift */ = {isa = PBXFileReference; lastKnownFileType = sourcecode.swift; path = CustomSegmentedControlTests.swift; sourceTree = "<group>"; };
		50101D331B4D619A00B1CDD2 /* SegmentedControl.swift */ = {isa = PBXFileReference; fileEncoding = 4; lastKnownFileType = sourcecode.swift; path = SegmentedControl.swift; sourceTree = "<group>"; };
/* End PBXFileReference section */

/* Begin PBXFrameworksBuildPhase section */
		50101D0B1B4D5F5A00B1CDD2 /* Frameworks */ = {
			isa = PBXFrameworksBuildPhase;
			buildActionMask = 2147483647;
			files = (
			);
			runOnlyForDeploymentPostprocessing = 0;
		};
		50101D201B4D5F5A00B1CDD2 /* Frameworks */ = {
			isa = PBXFrameworksBuildPhase;
			buildActionMask = 2147483647;
			files = (
			);
			runOnlyForDeploymentPostprocessing = 0;
		};
/* End PBXFrameworksBuildPhase section */

/* Begin PBXGroup section */
		50101D051B4D5F5900B1CDD2 = {
			isa = PBXGroup;
			children = (
				50101D101B4D5F5A00B1CDD2 /* CustomSegmentedControl */,
				50101D261B4D5F5A00B1CDD2 /* CustomSegmentedControlTests */,
				50101D0F1B4D5F5A00B1CDD2 /* Products */,
			);
			sourceTree = "<group>";
		};
		50101D0F1B4D5F5A00B1CDD2 /* Products */ = {
			isa = PBXGroup;
			children = (
				50101D0E1B4D5F5A00B1CDD2 /* CustomSegmentedControl.app */,
				50101D231B4D5F5A00B1CDD2 /* CustomSegmentedControlTests.xctest */,
			);
			name = Products;
			sourceTree = "<group>";
		};
		50101D101B4D5F5A00B1CDD2 /* CustomSegmentedControl */ = {
			isa = PBXGroup;
			children = (
				50101D131B4D5F5A00B1CDD2 /* AppDelegate.swift */,
				50101D151B4D5F5A00B1CDD2 /* ViewController.swift */,
				50101D331B4D619A00B1CDD2 /* SegmentedControl.swift */,
				50101D171B4D5F5A00B1CDD2 /* Main.storyboard */,
				50101D1A1B4D5F5A00B1CDD2 /* Images.xcassets */,
				50101D1C1B4D5F5A00B1CDD2 /* LaunchScreen.xib */,
				50101D111B4D5F5A00B1CDD2 /* Supporting Files */,
			);
			path = CustomSegmentedControl;
			sourceTree = "<group>";
		};
		50101D111B4D5F5A00B1CDD2 /* Supporting Files */ = {
			isa = PBXGroup;
			children = (
				50101D121B4D5F5A00B1CDD2 /* Info.plist */,
			);
			name = "Supporting Files";
			sourceTree = "<group>";
		};
		50101D261B4D5F5A00B1CDD2 /* CustomSegmentedControlTests */ = {
			isa = PBXGroup;
			children = (
				50101D291B4D5F5A00B1CDD2 /* CustomSegmentedControlTests.swift */,
				50101D271B4D5F5A00B1CDD2 /* Supporting Files */,
			);
			path = CustomSegmentedControlTests;
			sourceTree = "<group>";
		};
		50101D271B4D5F5A00B1CDD2 /* Supporting Files */ = {
			isa = PBXGroup;
			children = (
				50101D281B4D5F5A00B1CDD2 /* Info.plist */,
			);
			name = "Supporting Files";
			sourceTree = "<group>";
		};
/* End PBXGroup section */

/* Begin PBXNativeTarget section */
		50101D0D1B4D5F5A00B1CDD2 /* CustomSegmentedControl */ = {
			isa = PBXNativeTarget;
			buildConfigurationList = 50101D2D1B4D5F5B00B1CDD2 /* Build configuration list for PBXNativeTarget "CustomSegmentedControl" */;
			buildPhases = (
				50101D0A1B4D5F5A00B1CDD2 /* Sources */,
				50101D0B1B4D5F5A00B1CDD2 /* Frameworks */,
				50101D0C1B4D5F5A00B1CDD2 /* Resources */,
			);
			buildRules = (
			);
			dependencies = (
			);
			name = CustomSegmentedControl;
			productName = CustomSegmentedControl;
			productReference = 50101D0E1B4D5F5A00B1CDD2 /* CustomSegmentedControl.app */;
			productType = "com.apple.product-type.application";
		};
		50101D221B4D5F5A00B1CDD2 /* CustomSegmentedControlTests */ = {
			isa = PBXNativeTarget;
			buildConfigurationList = 50101D301B4D5F5B00B1CDD2 /* Build configuration list for PBXNativeTarget "CustomSegmentedControlTests" */;
			buildPhases = (
				50101D1F1B4D5F5A00B1CDD2 /* Sources */,
				50101D201B4D5F5A00B1CDD2 /* Frameworks */,
				50101D211B4D5F5A00B1CDD2 /* Resources */,
			);
			buildRules = (
			);
			dependencies = (
				50101D251B4D5F5A00B1CDD2 /* PBXTargetDependency */,
			);
			name = CustomSegmentedControlTests;
			productName = CustomSegmentedControlTests;
			productReference = 50101D231B4D5F5A00B1CDD2 /* CustomSegmentedControlTests.xctest */;
			productType = "com.apple.product-type.bundle.unit-test";
		};
/* End PBXNativeTarget section */

/* Begin PBXProject section */
		50101D061B4D5F5900B1CDD2 /* Project object */ = {
			isa = PBXProject;
			attributes = {
				LastUpgradeCheck = 0630;
				ORGANIZATIONNAME = qingjiezhao;
				TargetAttributes = {
					50101D0D1B4D5F5A00B1CDD2 = {
						CreatedOnToolsVersion = 6.3.1;
					};
					50101D221B4D5F5A00B1CDD2 = {
						CreatedOnToolsVersion = 6.3.1;
						TestTargetID = 50101D0D1B4D5F5A00B1CDD2;
					};
				};
			};
			buildConfigurationList = 50101D091B4D5F5900B1CDD2 /* Build configuration list for PBXProject "CustomSegmentedControl" */;
			compatibilityVersion = "Xcode 3.2";
			developmentRegion = English;
			hasScannedForEncodings = 0;
			knownRegions = (
				en,
				Base,
			);
			mainGroup = 50101D051B4D5F5900B1CDD2;
			productRefGroup = 50101D0F1B4D5F5A00B1CDD2 /* Products */;
			projectDirPath = "";
			projectRoot = "";
			targets = (
				50101D0D1B4D5F5A00B1CDD2 /* CustomSegmentedControl */,
				50101D221B4D5F5A00B1CDD2 /* CustomSegmentedControlTests */,
			);
		};
/* End PBXProject section */

/* Begin PBXResourcesBuildPhase section */
		50101D0C1B4D5F5A00B1CDD2 /* Resources */ = {
			isa = PBXResourcesBuildPhase;
			buildActionMask = 2147483647;
			files = (
				50101D191B4D5F5A00B1CDD2 /* Main.storyboard in Resources */,
				50101D1E1B4D5F5A00B1CDD2 /* LaunchScreen.xib in Resources */,
				50101D1B1B4D5F5A00B1CDD2 /* Images.xcassets in Resources */,
			);
			runOnlyForDeploymentPostprocessing = 0;
		};
		50101D211B4D5F5A00B1CDD2 /* Resources */ = {
			isa = PBXResourcesBuildPhase;
			buildActionMask = 2147483647;
			files = (
			);
			runOnlyForDeploymentPostprocessing = 0;
		};
/* End PBXResourcesBuildPhase section */

/* Begin PBXSourcesBuildPhase section */
		50101D0A1B4D5F5A00B1CDD2 /* Sources */ = {
			isa = PBXSourcesBuildPhase;
			buildActionMask = 2147483647;
			files = (
				50101D161B4D5F5A00B1CDD2 /* ViewController.swift in Sources */,
				50101D341B4D619A00B1CDD2 /* SegmentedControl.swift in Sources */,
				50101D141B4D5F5A00B1CDD2 /* AppDelegate.swift in Sources */,
			);
			runOnlyForDeploymentPostprocessing = 0;
		};
		50101D1F1B4D5F5A00B1CDD2 /* Sources */ = {
			isa = PBXSourcesBuildPhase;
			buildActionMask = 2147483647;
			files = (
				50101D2A1B4D5F5A00B1CDD2 /* CustomSegmentedControlTests.swift in Sources */,
			);
			runOnlyForDeploymentPostprocessing = 0;
		};
/* End PBXSourcesBuildPhase section */

/* Begin PBXTargetDependency section */
		50101D251B4D5F5A00B1CDD2 /* PBXTargetDependency */ = {
			isa = PBXTargetDependency;
			target = 50101D0D1B4D5F5A00B1CDD2 /* CustomSegmentedControl */;
			targetProxy = 50101D241B4D5F5A00B1CDD2 /* PBXContainerItemProxy */;
		};
/* End PBXTargetDependency section */

/* Begin PBXVariantGroup section */
		50101D171B4D5F5A00B1CDD2 /* Main.storyboard */ = {
			isa = PBXVariantGroup;
			children = (
				50101D181B4D5F5A00B1CDD2 /* Base */,
			);
			name = Main.storyboard;
			sourceTree = "<group>";
		};
		50101D1C1B4D5F5A00B1CDD2 /* LaunchScreen.xib */ = {
			isa = PBXVariantGroup;
			children = (
				50101D1D1B4D5F5A00B1CDD2 /* Base */,
			);
			name = LaunchScreen.xib;
			sourceTree = "<group>";
		};
/* End PBXVariantGroup section */

/* Begin XCBuildConfiguration section */
		50101D2B1B4D5F5A00B1CDD2 /* Debug */ = {
			isa = XCBuildConfiguration;
			buildSettings = {
				ALWAYS_SEARCH_USER_PATHS = NO;
				CLANG_CXX_LANGUAGE_STANDARD = "gnu++0x";
				CLANG_CXX_LIBRARY = "libc++";
				CLANG_ENABLE_MODULES = YES;
				CLANG_ENABLE_OBJC_ARC = YES;
				CLANG_WARN_BOOL_CONVERSION = YES;
				CLANG_WARN_CONSTANT_CONVERSION = YES;
				CLANG_WARN_DIRECT_OBJC_ISA_USAGE = YES_ERROR;
				CLANG_WARN_EMPTY_BODY = YES;
				CLANG_WARN_ENUM_CONVERSION = YES;
				CLANG_WARN_INT_CONVERSION = YES;
				CLANG_WARN_OBJC_ROOT_CLASS = YES_ERROR;
				CLANG_WARN_UNREACHABLE_CODE = YES;
				CLANG_WARN__DUPLICATE_METHOD_MATCH = YES;
				"CODE_SIGN_IDENTITY[sdk=iphoneos*]" = "iPhone Developer";
				COPY_PHASE_STRIP = NO;
				DEBUG_INFORMATION_FORMAT = "dwarf-with-dsym";
				ENABLE_STRICT_OBJC_MSGSEND = YES;
				GCC_C_LANGUAGE_STANDARD = gnu99;
				GCC_DYNAMIC_NO_PIC = NO;
				GCC_NO_COMMON_BLOCKS = YES;
				GCC_OPTIMIZATION_LEVEL = 0;
				GCC_PREPROCESSOR_DEFINITIONS = (
					"DEBUG=1",
					"$(inherited)",
				);
				GCC_SYMBOLS_PRIVATE_EXTERN = NO;
				GCC_WARN_64_TO_32_BIT_CONVERSION = YES;
				GCC_WARN_ABOUT_RETURN_TYPE = YES_ERROR;
				GCC_WARN_UNDECLARED_SELECTOR = YES;
				GCC_WARN_UNINITIALIZED_AUTOS = YES_AGGRESSIVE;
				GCC_WARN_UNUSED_FUNCTION = YES;
				GCC_WARN_UNUSED_VARIABLE = YES;
				IPHONEOS_DEPLOYMENT_TARGET = 8.3;
				MTL_ENABLE_DEBUG_INFO = YES;
				ONLY_ACTIVE_ARCH = YES;
				SDKROOT = iphoneos;
				SWIFT_OPTIMIZATION_LEVEL = "-Onone";
			};
			name = Debug;
		};
		50101D2C1B4D5F5A00B1CDD2 /* Release */ = {
			isa = XCBuildConfiguration;
			buildSettings = {
				ALWAYS_SEARCH_USER_PATHS = NO;
				CLANG_CXX_LANGUAGE_STANDARD = "gnu++0x";
				CLANG_CXX_LIBRARY = "libc++";
				CLANG_ENABLE_MODULES = YES;
				CLANG_ENABLE_OBJC_ARC = YES;
				CLANG_WARN_BOOL_CONVERSION = YES;
				CLANG_WARN_CONSTANT_CONVERSION = YES;
				CLANG_WARN_DIRECT_OBJC_ISA_USAGE = YES_ERROR;
				CLANG_WARN_EMPTY_BODY = YES;
				CLANG_WARN_ENUM_CONVERSION = YES;
				CLANG_WARN_INT_CONVERSION = YES;
				CLANG_WARN_OBJC_ROOT_CLASS = YES_ERROR;
				CLANG_WARN_UNREACHABLE_CODE = YES;
				CLANG_WARN__DUPLICATE_METHOD_MATCH = YES;
				"CODE_SIGN_IDENTITY[sdk=iphoneos*]" = "iPhone Developer";
				COPY_PHASE_STRIP = NO;
				DEBUG_INFORMATION_FORMAT = "dwarf-with-dsym";
				ENABLE_NS_ASSERTIONS = NO;
				ENABLE_STRICT_OBJC_MSGSEND = YES;
				GCC_C_LANGUAGE_STANDARD = gnu99;
				GCC_NO_COMMON_BLOCKS = YES;
				GCC_WARN_64_TO_32_BIT_CONVERSION = YES;
				GCC_WARN_ABOUT_RETURN_TYPE = YES_ERROR;
				GCC_WARN_UNDECLARED_SELECTOR = YES;
				GCC_WARN_UNINITIALIZED_AUTOS = YES_AGGRESSIVE;
				GCC_WARN_UNUSED_FUNCTION = YES;
				GCC_WARN_UNUSED_VARIABLE = YES;
				IPHONEOS_DEPLOYMENT_TARGET = 8.3;
				MTL_ENABLE_DEBUG_INFO = NO;
				SDKROOT = iphoneos;
				VALIDATE_PRODUCT = YES;
			};
			name = Release;
		};
		50101D2E1B4D5F5B00B1CDD2 /* Debug */ = {
			isa = XCBuildConfiguration;
			buildSettings = {
				ASSETCATALOG_COMPILER_APPICON_NAME = AppIcon;
				INFOPLIST_FILE = CustomSegmentedControl/Info.plist;
				LD_RUNPATH_SEARCH_PATHS = "$(inherited) @executable_path/Frameworks";
				PRODUCT_NAME = "$(TARGET_NAME)";
			};
			name = Debug;
		};
		50101D2F1B4D5F5B00B1CDD2 /* Release */ = {
			isa = XCBuildConfiguration;
			buildSettings = {
				ASSETCATALOG_COMPILER_APPICON_NAME = AppIcon;
				INFOPLIST_FILE = CustomSegmentedControl/Info.plist;
				LD_RUNPATH_SEARCH_PATHS = "$(inherited) @executable_path/Frameworks";
				PRODUCT_NAME = "$(TARGET_NAME)";
			};
			name = Release;
		};
		50101D311B4D5F5B00B1CDD2 /* Debug */ = {
			isa = XCBuildConfiguration;
			buildSettings = {
				BUNDLE_LOADER = "$(TEST_HOST)";
				FRAMEWORK_SEARCH_PATHS = (
					"$(SDKROOT)/Developer/Library/Frameworks",
					"$(inherited)",
				);
				GCC_PREPROCESSOR_DEFINITIONS = (
					"DEBUG=1",
					"$(inherited)",
				);
				INFOPLIST_FILE = CustomSegmentedControlTests/Info.plist;
				LD_RUNPATH_SEARCH_PATHS = "$(inherited) @executable_path/Frameworks @loader_path/Frameworks";
				PRODUCT_NAME = "$(TARGET_NAME)";
				TEST_HOST = "$(BUILT_PRODUCTS_DIR)/CustomSegmentedControl.app/CustomSegmentedControl";
			};
			name = Debug;
		};
		50101D321B4D5F5B00B1CDD2 /* Release */ = {
			isa = XCBuildConfiguration;
			buildSettings = {
				BUNDLE_LOADER = "$(TEST_HOST)";
				FRAMEWORK_SEARCH_PATHS = (
					"$(SDKROOT)/Developer/Library/Frameworks",
					"$(inherited)",
				);
				INFOPLIST_FILE = CustomSegmentedControlTests/Info.plist;
				LD_RUNPATH_SEARCH_PATHS = "$(inherited) @executable_path/Frameworks @loader_path/Frameworks";
				PRODUCT_NAME = "$(TARGET_NAME)";
				TEST_HOST = "$(BUILT_PRODUCTS_DIR)/CustomSegmentedControl.app/CustomSegmentedControl";
			};
			name = Release;
		};
/* End XCBuildConfiguration section */

/* Begin XCConfigurationList section */
		50101D091B4D5F5900B1CDD2 /* Build configuration list for PBXProject "CustomSegmentedControl" */ = {
			isa = XCConfigurationList;
			buildConfigurations = (
				50101D2B1B4D5F5A00B1CDD2 /* Debug */,
				50101D2C1B4D5F5A00B1CDD2 /* Release */,
			);
			defaultConfigurationIsVisible = 0;
			defaultConfigurationName = Release;
		};
		50101D2D1B4D5F5B00B1CDD2 /* Build configuration list for PBXNativeTarget "CustomSegmentedControl" */ = {
			isa = XCConfigurationList;
			buildConfigurations = (
				50101D2E1B4D5F5B00B1CDD2 /* Debug */,
				50101D2F1B4D5F5B00B1CDD2 /* Release */,
			);
			defaultConfigurationIsVisible = 0;
		};
		50101D301B4D5F5B00B1CDD2 /* Build configuration list for PBXNativeTarget "CustomSegmentedControlTests" */ = {
			isa = XCConfigurationList;
			buildConfigurations = (
				50101D311B4D5F5B00B1CDD2 /* Debug */,
				50101D321B4D5F5B00B1CDD2 /* Release */,
			);
			defaultConfigurationIsVisible = 0;
		};
/* End XCConfigurationList section */
	};
	rootObject = 50101D061B4D5F5900B1CDD2 /* Project object */;
}
